
Microsoft Visual Studio Solution File, Format Version 11.00
# Visual Studio 2010
Project("{FAE04EC0-301F-11D3-BF4B-00C04F79EFBC}") = "Salt", "Assembly-CSharp.csproj", "{59638A64-8F08-9860-7578-7DC2C837F121}"
EndProject
Project("{FAE04EC0-301F-11D3-BF4B-00C04F79EFBC}") = "Salt", "Assembly-CSharp-Editor.csproj", "{44E5905E-62CC-52AB-297F-0C3B3F617472}"
EndProject
Global
	GlobalSection(SolutionConfigurationPlatforms) = preSolution
		Debug|Any CPU = Debug|Any CPU
		Release|Any CPU = Release|Any CPU
	EndGlobalSection
	GlobalSection(ProjectConfigurationPlatforms) = postSolution
		{59638A64-8F08-9860-7578-7DC2C837F121}.Debug|Any CPU.ActiveCfg = Debug|Any CPU
		{59638A64-8F08-9860-7578-7DC2C837F121}.Debug|Any CPU.Build.0 = Debug|Any CPU
		{59638A64-8F08-9860-7578-7DC2C837F121}.Release|Any CPU.ActiveCfg = Release|Any CPU
		{59638A64-8F08-9860-7578-7DC2C837F121}.Release|Any CPU.Build.0 = Release|Any CPU
		{44E5905E-62CC-52AB-297F-0C3B3F617472}.Debug|Any CPU.ActiveCfg = Debug|Any CPU
		{44E5905E-62CC-52AB-297F-0C3B3F617472}.Debug|Any CPU.Build.0 = Debug|Any CPU
		{44E5905E-62CC-52AB-297F-0C3B3F617472}.Release|Any CPU.ActiveCfg = Release|Any CPU
		{44E5905E-62CC-52AB-297F-0C3B3F617472}.Release|Any CPU.Build.0 = Release|Any CPU
	EndGlobalSection
	GlobalSection(SolutionProperties) = preSolution
		HideSolutionNode = FALSE
	EndGlobalSection
	GlobalSection(MonoDevelopProperties) = preSolution
		StartupItem = Assembly-CSharp.csproj
	EndGlobalSection
EndGlobal
